
Microsoft Visual Studio Solution File, Format Version 12.00
# Visual Studio Version 17
VisualStudioVersion = 17.3.32929.385
MinimumVisualStudioVersion = 10.0.40219.1
Project("{FAE04EC0-301F-11D3-BF4B-00C04F79EFBC}") = "Task1", "Task1\Task1.csproj", "{852776C7-30B8-42DA-BF1C-0DBA5C8BCEED}"
EndProject
Global
	GlobalSection(SolutionConfigurationPlatforms) = preSolution
		Debug|Any CPU = Debug|Any CPU
		Release|Any CPU = Release|Any CPU
	EndGlobalSection
	GlobalSection(ProjectConfigurationPlatforms) = postSolution
		{852776C7-30B8-42DA-BF1C-0DBA5C8BCEED}.Debug|Any CPU.ActiveCfg = Debug|Any CPU
		{852776C7-30B8-42DA-BF1C-0DBA5C8BCEED}.Debug|Any CPU.Build.0 = Debug|Any CPU
		{852776C7-30B8-42DA-BF1C-0DBA5C8BCEED}.Release|Any CPU.ActiveCfg = Release|Any CPU
		{852776C7-30B8-42DA-BF1C-0DBA5C8BCEED}.Release|Any CPU.Build.0 = Release|Any CPU
	EndGlobalSection
	GlobalSection(SolutionProperties) = preSolution
		HideSolutionNode = FALSE
	EndGlobalSection
	GlobalSection(ExtensibilityGlobals) = postSolution
		SolutionGuid = {18653AA0-064C-4621-99FF-28145CF501F6}
	EndGlobalSection
EndGlobal
